
Microsoft Visual Studio Solution File, Format Version 12.00
# Visual Studio Version 17
VisualStudioVersion = 17.9.34723.18
MinimumVisualStudioVersion = 10.0.40219.1
Project("{FAE04EC0-301F-11D3-BF4B-00C04F79EFBC}") = "TrackerLibrary", "TrackerLibrary\TrackerLibrary.csproj", "{2812F242-5C38-4442-B70D-5CFD245585A7}"
EndProject
Project("{FAE04EC0-301F-11D3-BF4B-00C04F79EFBC}") = "TrackerUI", "TrackerUI\TrackerUI.csproj", "{DEF98D3A-E40B-40C7-B8BC-6483A11041F8}"
EndProject
Global
	GlobalSection(SolutionConfigurationPlatforms) = preSolution
		Debug|Any CPU = Debug|Any CPU
		Release|Any CPU = Release|Any CPU
	EndGlobalSection
	GlobalSection(ProjectConfigurationPlatforms) = postSolution
		{2812F242-5C38-4442-B70D-5CFD245585A7}.Debug|Any CPU.ActiveCfg = Debug|Any CPU
		{2812F242-5C38-4442-B70D-5CFD245585A7}.Debug|Any CPU.Build.0 = Debug|Any CPU
		{2812F242-5C38-4442-B70D-5CFD245585A7}.Release|Any CPU.ActiveCfg = Release|Any CPU
		{2812F242-5C38-4442-B70D-5CFD245585A7}.Release|Any CPU.Build.0 = Release|Any CPU
		{DEF98D3A-E40B-40C7-B8BC-6483A11041F8}.Debug|Any CPU.ActiveCfg = Debug|Any CPU
		{DEF98D3A-E40B-40C7-B8BC-6483A11041F8}.Debug|Any CPU.Build.0 = Debug|Any CPU
		{DEF98D3A-E40B-40C7-B8BC-6483A11041F8}.Release|Any CPU.ActiveCfg = Release|Any CPU
		{DEF98D3A-E40B-40C7-B8BC-6483A11041F8}.Release|Any CPU.Build.0 = Release|Any CPU
	EndGlobalSection
	GlobalSection(SolutionProperties) = preSolution
		HideSolutionNode = FALSE
	EndGlobalSection
	GlobalSection(ExtensibilityGlobals) = postSolution
		SolutionGuid = {B654D0AC-2CFD-49BD-AE17-6893D4D5C30B}
	EndGlobalSection
EndGlobal
